{
  "name": "chalk-engine",
  "version": "0.6.0",
  "lockfileVersion": 3,
  "requires": true,
  "packages": {
    "": {
      "name": "chalk-engine",
      "version": "0.6.0",
      "license": "GPL-3.0-only",
      "dependencies": {
        "nedb-engine": "^2.8.4",
        "nedb-engine-client": "^2.8.4",
        "sentinel-blocks": "^1.0.0"
      },
      "bin": {
        "chalk": "bin/chalk.ts"
      },
      "devDependencies": {
        "@types/node": "^24.0.0",
        "typescript": "^5.6.0"
      },
      "engines": {
        "node": ">=24"
      }
    },
    "node_modules/@types/node": {
      "version": "24.13.3",
      "resolved": "https://registry.npmjs.org/@types/node/-/node-24.13.3.tgz",
      "integrity": "sha512-Dh8vAsV36ig5wa9OX4pXvMc9D3Veibfw2wix0CUwYODLD8nkj9UsLjASr49nPg+2eKzxhBV+v7L8pXvT4e639Q==",
      "dev": true,
      "license": "MIT",
      "dependencies": {
        "undici-types": "~7.18.0"
      }
    },
    "node_modules/nedb-engine": {
      "version": "2.8.4",
      "resolved": "https://registry.npmjs.org/nedb-engine/-/nedb-engine-2.8.4.tgz",
      "integrity": "sha512-woqgQaL9tHI2hARy300Xna91jDvTwjAoPyGn4m6oWMhKoIj9+vUUCoT/5cacwg32CQo9E2jir2tK8m8pWlG58A==",
      "license": "GPL-3.0-or-later",
      "bin": {
        "nedb-inspector": "nedb-inspector.mjs",
        "nedbd-v2": "nedbd-v2.js",
        "nedbdv2": "nedbd-v2.js"
      },
      "engines": {
        "node": ">= 16"
      }
    },
    "node_modules/nedb-engine-client": {
      "version": "2.8.4",
      "resolved": "https://registry.npmjs.org/nedb-engine-client/-/nedb-engine-client-2.8.4.tgz",
      "integrity": "sha512-ZR+lBKuAbKvvud6aziztfkQmmEBtrmEs+GSR7l99NDzFRqxfv9BXXNciWDbXUkZ3+czO2ErW0kd+qvOKSeW5vQ==",
      "license": "GPL-3.0-or-later",
      "engines": {
        "node": ">=18"
      }
    },
    "node_modules/sentinel-blocks": {
      "version": "1.0.2",
      "resolved": "https://registry.npmjs.org/sentinel-blocks/-/sentinel-blocks-1.0.2.tgz",
      "integrity": "sha512-etiXcqKc0vATYKwUHdwU2twd7MvDkrSObl1pC5vexs+ASDjw3nMTQkSOYN+pVr7soppcDZpOVc1tbR2T/jWq1g==",
      "license": "GPL-3.0-or-later",
      "engines": {
        "node": ">=18"
      }
    },
    "node_modules/typescript": {
      "version": "5.9.3",
      "resolved": "https://registry.npmjs.org/typescript/-/typescript-5.9.3.tgz",
      "integrity": "sha512-jl1vZzPDinLr9eUt3J/t7V6FgNEw9QjvBPdysz9KfQDD41fQrC2Y4vKQdiaUpFT4bXlb1RHhLpp8wtm6M5TgSw==",
      "dev": true,
      "license": "Apache-2.0",
      "bin": {
        "tsc": "bin/tsc",
        "tsserver": "bin/tsserver"
      },
      "engines": {
        "node": ">=14.17"
      }
    },
    "node_modules/undici-types": {
      "version": "7.18.2",
      "resolved": "https://registry.npmjs.org/undici-types/-/undici-types-7.18.2.tgz",
      "integrity": "sha512-AsuCzffGHJybSaRrmr5eHr81mwJU3kjw6M+uprWvCXiNeN9SOGwQ3Jn8jb8m3Z6izVgknn1R0FTCEAP2QrLY/w==",
      "dev": true,
      "license": "MIT"
    }
  }
}
